
Microsoft Visual Studio Solution File, Format Version 12.00
# Visual Studio for Mac
Project("{FAE04EC0-301F-11D3-BF4B-00C04F79EFBC}") = "YoutuTest", "YoutuTest.csproj", "{367EBEAC-BBCC-1837-8405-845791497C39}"
EndProject
Project("{FAE04EC0-301F-11D3-BF4B-00C04F79EFBC}") = "YoutuTest.Editor.Plugins", "YoutuTest.Editor.Plugins.csproj", "{2F20A24F-A0ED-E193-4C4D-44A3019385B7}"
EndProject
Global
	GlobalSection(SolutionConfigurationPlatforms) = preSolution
		Debug|Any CPU = Debug|Any CPU
		Release|Any CPU = Release|Any CPU
	EndGlobalSection
	GlobalSection(ProjectConfigurationPlatforms) = postSolution
		{367EBEAC-BBCC-1837-8405-845791497C39}.Debug|Any CPU.ActiveCfg = Debug|Any CPU
		{367EBEAC-BBCC-1837-8405-845791497C39}.Debug|Any CPU.Build.0 = Debug|Any CPU
		{367EBEAC-BBCC-1837-8405-845791497C39}.Release|Any CPU.ActiveCfg = Release|Any CPU
		{367EBEAC-BBCC-1837-8405-845791497C39}.Release|Any CPU.Build.0 = Release|Any CPU
		{2F20A24F-A0ED-E193-4C4D-44A3019385B7}.Debug|Any CPU.ActiveCfg = Debug|Any CPU
		{2F20A24F-A0ED-E193-4C4D-44A3019385B7}.Debug|Any CPU.Build.0 = Debug|Any CPU
		{2F20A24F-A0ED-E193-4C4D-44A3019385B7}.Release|Any CPU.ActiveCfg = Release|Any CPU
		{2F20A24F-A0ED-E193-4C4D-44A3019385B7}.Release|Any CPU.Build.0 = Release|Any CPU
	EndGlobalSection
	GlobalSection(SolutionProperties) = preSolution
		HideSolutionNode = FALSE
	EndGlobalSection
EndGlobal
